// !$*UTF8*$!
{
	archiveVersion = 1;
	classes = {
	};
	objectVersion = 51;
	objects = {

/* Begin PBXBuildFile section */
		002B01AF2527FACB0053FCF4 /* MovieDetailsViewController.swift in Sources */ = {isa = PBXBuildFile; fileRef = 002B01AE2527FACB0053FCF4 /* MovieDetailsViewController.swift */; };
		002B01B22528068F0053FCF4 /* MovieGridViewController.swift in Sources */ = {isa = PBXBuildFile; fileRef = 002B01B12528068F0053FCF4 /* MovieGridViewController.swift */; };
		002B01B525280B850053FCF4 /* MovieGridCell.swift in Sources */ = {isa = PBXBuildFile; fileRef = 002B01B425280B850053FCF4 /* MovieGridCell.swift */; };
		00F880C9251C28BB0014087A /* AppDelegate.swift in Sources */ = {isa = PBXBuildFile; fileRef = 00F880C8251C28BB0014087A /* AppDelegate.swift */; };
		00F880CB251C28BB0014087A /* SceneDelegate.swift in Sources */ = {isa = PBXBuildFile; fileRef = 00F880CA251C28BB0014087A /* SceneDelegate.swift */; };
		00F880D0251C28BB0014087A /* Main.storyboard in Resources */ = {isa = PBXBuildFile; fileRef = 00F880CE251C28BB0014087A /* Main.storyboard */; };
		00F880D2251C28BF0014087A /* Assets.xcassets in Resources */ = {isa = PBXBuildFile; fileRef = 00F880D1251C28BF0014087A /* Assets.xcassets */; };
		00F880D5251C28BF0014087A /* LaunchScreen.storyboard in Resources */ = {isa = PBXBuildFile; fileRef = 00F880D3251C28BF0014087A /* LaunchScreen.storyboard */; };
		00F880DF251C29FD0014087A /* MoviesViewController.swift in Sources */ = {isa = PBXBuildFile; fileRef = 00F880DE251C29FD0014087A /* MoviesViewController.swift */; };
		00F880E2251C3A390014087A /* MovieCell.swift in Sources */ = {isa = PBXBuildFile; fileRef = 00F880E1251C3A380014087A /* MovieCell.swift */; };
		5832FA7D37776B306A562323 /* Pods_flixsterApp.framework in Frameworks */ = {isa = PBXBuildFile; fileRef = 13F5E1C9A5C871D9E3E5278C /* Pods_flixsterApp.framework */; };
/* End PBXBuildFile section */

/* Begin PBXFileReference section */
		002B01AE2527FACB0053FCF4 /* MovieDetailsViewController.swift */ = {isa = PBXFileReference; lastKnownFileType = sourcecode.swift; path = MovieDetailsViewController.swift; sourceTree = "<group>"; };
		002B01B12528068F0053FCF4 /* MovieGridViewController.swift */ = {isa = PBXFileReference; lastKnownFileType = sourcecode.swift; path = MovieGridViewController.swift; sourceTree = "<group>"; };
		002B01B425280B850053FCF4 /* MovieGridCell.swift */ = {isa = PBXFileReference; lastKnownFileType = sourcecode.swift; path = MovieGridCell.swift; sourceTree = "<group>"; };
		00F880C5251C28BB0014087A /* flixsterApp.app */ = {isa = PBXFileReference; explicitFileType = wrapper.application; includeInIndex = 0; path = flixsterApp.app; sourceTree = BUILT_PRODUCTS_DIR; };
		00F880C8251C28BB0014087A /* AppDelegate.swift */ = {isa = PBXFileReference; lastKnownFileType = sourcecode.swift; path = AppDelegate.swift; sourceTree = "<group>"; };
		00F880CA251C28BB0014087A /* SceneDelegate.swift */ = {isa = PBXFileReference; lastKnownFileType = sourcecode.swift; path = SceneDelegate.swift; sourceTree = "<group>"; };
		00F880CF251C28BB0014087A /* Base */ = {isa = PBXFileReference; lastKnownFileType = file.storyboard; name = Base; path = Base.lproj/Main.storyboard; sourceTree = "<group>"; };
		00F880D1251C28BF0014087A /* Assets.xcassets */ = {isa = PBXFileReference; lastKnownFileType = folder.assetcatalog; path = Assets.xcassets; sourceTree = "<group>"; };
		00F880D4251C28BF0014087A /* Base */ = {isa = PBXFileReference; lastKnownFileType = file.storyboard; name = Base; path = Base.lproj/LaunchScreen.storyboard; sourceTree = "<group>"; };
		00F880D6251C28BF0014087A /* Info.plist */ = {isa = PBXFileReference; lastKnownFileType = text.plist.xml; path = Info.plist; sourceTree = "<group>"; };
		00F880DE251C29FD0014087A /* MoviesViewController.swift */ = {isa = PBXFileReference; lastKnownFileType = sourcecode.swift; path = MoviesViewController.swift; sourceTree = "<group>"; };
		00F880E1251C3A380014087A /* MovieCell.swift */ = {isa = PBXFileReference; lastKnownFileType = sourcecode.swift; path = MovieCell.swift; sourceTree = "<group>"; };
		13F5E1C9A5C871D9E3E5278C /* Pods_flixsterApp.framework */ = {isa = PBXFileReference; explicitFileType = wrapper.framework; includeInIndex = 0; path = Pods_flixsterApp.framework; sourceTree = BUILT_PRODUCTS_DIR; };
		73C3507AB866A28397BCB197 /* Pods-flixsterApp.debug.xcconfig */ = {isa = PBXFileReference; includeInIndex = 1; lastKnownFileType = text.xcconfig; name = "Pods-flixsterApp.debug.xcconfig"; path = "Target Support Files/Pods-flixsterApp/Pods-flixsterApp.debug.xcconfig"; sourceTree = "<group>"; };
		AD5FD3215EC9A27BA99E2D0B /* Pods-flixsterApp.release.xcconfig */ = {isa = PBXFileReference; includeInIndex = 1; lastKnownFileType = text.xcconfig; name = "Pods-flixsterApp.release.xcconfig"; path = "Target Support Files/Pods-flixsterApp/Pods-flixsterApp.release.xcconfig"; sourceTree = "<group>"; };
/* End PBXFileReference section */

/* Begin PBXFrameworksBuildPhase section */
		00F880C2251C28BB0014087A /* Frameworks */ = {
			isa = PBXFrameworksBuildPhase;
			buildActionMask = 2147483647;
			files = (
				5832FA7D37776B306A562323 /* Pods_flixsterApp.framework in Frameworks */,
			);
			runOnlyForDeploymentPostprocessing = 0;
		};
/* End PBXFrameworksBuildPhase section */

/* Begin PBXGroup section */
		00F880BC251C28BB0014087A = {
			isa = PBXGroup;
			children = (
				00F880C7251C28BB0014087A /* flixsterApp */,
				00F880C6251C28BB0014087A /* Products */,
				5E70EF5E2B0330C33DA1ADE4 /* Pods */,
				0162CB9F3F9A221290FD0F12 /* Frameworks */,
			);
			sourceTree = "<group>";
		};
		00F880C6251C28BB0014087A /* Products */ = {
			isa = PBXGroup;
			children = (
				00F880C5251C28BB0014087A /* flixsterApp.app */,
			);
			name = Products;
			sourceTree = "<group>";
		};
		00F880C7251C28BB0014087A /* flixsterApp */ = {
			isa = PBXGroup;
			children = (
				00F880C8251C28BB0014087A /* AppDelegate.swift */,
				00F880CA251C28BB0014087A /* SceneDelegate.swift */,
				00F880CE251C28BB0014087A /* Main.storyboard */,
				00F880E1251C3A380014087A /* MovieCell.swift */,
				00F880D1251C28BF0014087A /* Assets.xcassets */,
				00F880D3251C28BF0014087A /* LaunchScreen.storyboard */,
				00F880D6251C28BF0014087A /* Info.plist */,
				00F880DE251C29FD0014087A /* MoviesViewController.swift */,
				002B01AE2527FACB0053FCF4 /* MovieDetailsViewController.swift */,
				002B01B12528068F0053FCF4 /* MovieGridViewController.swift */,
				002B01B425280B850053FCF4 /* MovieGridCell.swift */,
			);
			path = flixsterApp;
			sourceTree = "<group>";
		};
		0162CB9F3F9A221290FD0F12 /* Frameworks */ = {
			isa = PBXGroup;
			children = (
				13F5E1C9A5C871D9E3E5278C /* Pods_flixsterApp.framework */,
			);
			name = Frameworks;
			sourceTree = "<group>";
		};
		5E70EF5E2B0330C33DA1ADE4 /* Pods */ = {
			isa = PBXGroup;
			children = (
				73C3507AB866A28397BCB197 /* Pods-flixsterApp.debug.xcconfig */,
				AD5FD3215EC9A27BA99E2D0B /* Pods-flixsterApp.release.xcconfig */,
			);
			path = Pods;
			sourceTree = "<group>";
		};
/* End PBXGroup section */

/* Begin PBXNativeTarget section */
		00F880C4251C28BB0014087A /* flixsterApp */ = {
			isa = PBXNativeTarget;
			buildConfigurationList = 00F880D9251C28BF0014087A /* Build configuration list for PBXNativeTarget "flixsterApp" */;
			buildPhases = (
				69EBC88C51D5CDA8C6D833F7 /* [CP] Check Pods Manifest.lock */,
				00F880C1251C28BB0014087A /* Sources */,
				00F880C2251C28BB0014087A /* Frameworks */,
				00F880C3251C28BB0014087A /* Resources */,
				12D3CF20BC9655D223A9A51B /* [CP] Embed Pods Frameworks */,
			);
			buildRules = (
			);
			dependencies = (
			);
			name = flixsterApp;
			productName = flixsterApp;
			productReference = 00F880C5251C28BB0014087A /* flixsterApp.app */;
			productType = "com.apple.product-type.application";
		};
/* End PBXNativeTarget section */

/* Begin PBXProject section */
		00F880BD251C28BB0014087A /* Project object */ = {
			isa = PBXProject;
			attributes = {
				LastSwiftUpdateCheck = 1200;
				LastUpgradeCheck = 1200;
				TargetAttributes = {
					00F880C4251C28BB0014087A = {
						CreatedOnToolsVersion = 12.0;
					};
				};
			};
			buildConfigurationList = 00F880C0251C28BB0014087A /* Build configuration list for PBXProject "flixsterApp" */;
			compatibilityVersion = "Xcode 9.3";
			developmentRegion = en;
			hasScannedForEncodings = 0;
			knownRegions = (
				en,
				Base,
			);
			mainGroup = 00F880BC251C28BB0014087A;
			productRefGroup = 00F880C6251C28BB0014087A /* Products */;
			projectDirPath = "";
			projectRoot = "";
			targets = (
				00F880C4251C28BB0014087A /* flixsterApp */,
			);
		};
/* End PBXProject section */

/* Begin PBXResourcesBuildPhase section */
		00F880C3251C28BB0014087A /* Resources */ = {
			isa = PBXResourcesBuildPhase;
			buildActionMask = 2147483647;
			files = (
				00F880D5251C28BF0014087A /* LaunchScreen.storyboard in Resources */,
				00F880D2251C28BF0014087A /* Assets.xcassets in Resources */,
				00F880D0251C28BB0014087A /* Main.storyboard in Resources */,
			);
			runOnlyForDeploymentPostprocessing = 0;
		};
/* End PBXResourcesBuildPhase section */

/* Begin PBXShellScriptBuildPhase section */
		12D3CF20BC9655D223A9A51B /* [CP] Embed Pods Frameworks */ = {
			isa = PBXShellScriptBuildPhase;
			buildActionMask = 2147483647;
			files = (
			);
			inputFileListPaths = (
				"${PODS_ROOT}/Target Support Files/Pods-flixsterApp/Pods-flixsterApp-frameworks-${CONFIGURATION}-input-files.xcfilelist",
			);
			name = "[CP] Embed Pods Frameworks";
			outputFileListPaths = (
				"${PODS_ROOT}/Target Support Files/Pods-flixsterApp/Pods-flixsterApp-frameworks-${CONFIGURATION}-output-files.xcfilelist",
			);
			runOnlyForDeploymentPostprocessing = 0;
			shellPath = /bin/sh;
			shellScript = "\"${PODS_ROOT}/Target Support Files/Pods-flixsterApp/Pods-flixsterApp-frameworks.sh\"\n";
			showEnvVarsInLog = 0;
		};
		69EBC88C51D5CDA8C6D833F7 /* [CP] Check Pods Manifest.lock */ = {
			isa = PBXShellScriptBuildPhase;
			buildActionMask = 2147483647;
			files = (
			);
			inputFileListPaths = (
			);
			inputPaths = (
				"${PODS_PODFILE_DIR_PATH}/Podfile.lock",
				"${PODS_ROOT}/Manifest.lock",
			);
			name = "[CP] Check Pods Manifest.lock";
			outputFileListPaths = (
			);
			outputPaths = (
				"$(DERIVED_FILE_DIR)/Pods-flixsterApp-checkManifestLockResult.txt",
			);
			runOnlyForDeploymentPostprocessing = 0;
			shellPath = /bin/sh;
			shellScript = "diff \"${PODS_PODFILE_DIR_PATH}/Podfile.lock\" \"${PODS_ROOT}/Manifest.lock\" > /dev/null\nif [ $? != 0 ] ; then\n    # print error to STDERR\n    echo \"error: The sandbox is not in sync with the Podfile.lock. Run 'pod install' or update your CocoaPods installation.\" >&2\n    exit 1\nfi\n# This output is used by Xcode 'outputs' to avoid re-running this script phase.\necho \"SUCCESS\" > \"${SCRIPT_OUTPUT_FILE_0}\"\n";
			showEnvVarsInLog = 0;
		};
/* End PBXShellScriptBuildPhase section */

/* Begin PBXSourcesBuildPhase section */
		00F880C1251C28BB0014087A /* Sources */ = {
			isa = PBXSourcesBuildPhase;
			buildActionMask = 2147483647;
			files = (
				002B01AF2527FACB0053FCF4 /* MovieDetailsViewController.swift in Sources */,
				00F880C9251C28BB0014087A /* AppDelegate.swift in Sources */,
				00F880CB251C28BB0014087A /* SceneDelegate.swift in Sources */,
				00F880E2251C3A390014087A /* MovieCell.swift in Sources */,
				00F880DF251C29FD0014087A /* MoviesViewController.swift in Sources */,
				002B01B22528068F0053FCF4 /* MovieGridViewController.swift in Sources */,
				002B01B525280B850053FCF4 /* MovieGridCell.swift in Sources */,
			);
			runOnlyForDeploymentPostprocessing = 0;
		};
/* End PBXSourcesBuildPhase section */

/* Begin PBXVariantGroup section */
		00F880CE251C28BB0014087A /* Main.storyboard */ = {
			isa = PBXVariantGroup;
			children = (
				00F880CF251C28BB0014087A /* Base */,
			);
			name = Main.storyboard;
			sourceTree = "<group>";
		};
		00F880D3251C28BF0014087A /* LaunchScreen.storyboard */ = {
			isa = PBXVariantGroup;
			children = (
				00F880D4251C28BF0014087A /* Base */,
			);
			name = LaunchScreen.storyboard;
			sourceTree = "<group>";
		};
/* End PBXVariantGroup section */

/* Begin XCBuildConfiguration section */
		00F880D7251C28BF0014087A /* Debug */ = {
			isa = XCBuildConfiguration;
			buildSettings = {
				ALWAYS_SEARCH_USER_PATHS = NO;
				CLANG_ANALYZER_NONNULL = YES;
				CLANG_ANALYZER_NUMBER_OBJECT_CONVERSION = YES_AGGRESSIVE;
				CLANG_CXX_LANGUAGE_STANDARD = "gnu++14";
				CLANG_CXX_LIBRARY = "libc++";
				CLANG_ENABLE_MODULES = YES;
				CLANG_ENABLE_OBJC_ARC = YES;
				CLANG_ENABLE_OBJC_WEAK = YES;
				CLANG_WARN_BLOCK_CAPTURE_AUTORELEASING = YES;
				CLANG_WARN_BOOL_CONVERSION = YES;
				CLANG_WARN_COMMA = YES;
				CLANG_WARN_CONSTANT_CONVERSION = YES;
				CLANG_WARN_DEPRECATED_OBJC_IMPLEMENTATIONS = YES;
				CLANG_WARN_DIRECT_OBJC_ISA_USAGE = YES_ERROR;
				CLANG_WARN_DOCUMENTATION_COMMENTS = YES;
				CLANG_WARN_EMPTY_BODY = YES;
				CLANG_WARN_ENUM_CONVERSION = YES;
				CLANG_WARN_INFINITE_RECURSION = YES;
				CLANG_WARN_INT_CONVERSION = YES;
				CLANG_WARN_NON_LITERAL_NULL_CONVERSION = YES;
				CLANG_WARN_OBJC_IMPLICIT_RETAIN_SELF = YES;
				CLANG_WARN_OBJC_LITERAL_CONVERSION = YES;
				CLANG_WARN_OBJC_ROOT_CLASS = YES_ERROR;
				CLANG_WARN_QUOTED_INCLUDE_IN_FRAMEWORK_HEADER = YES;
				CLANG_WARN_RANGE_LOOP_ANALYSIS = YES;
				CLANG_WARN_STRICT_PROTOTYPES = YES;
				CLANG_WARN_SUSPICIOUS_MOVE = YES;
				CLANG_WARN_UNGUARDED_AVAILABILITY = YES_AGGRESSIVE;
				CLANG_WARN_UNREACHABLE_CODE = YES;
				CLANG_WARN__DUPLICATE_METHOD_MATCH = YES;
				COPY_PHASE_STRIP = NO;
				DEBUG_INFORMATION_FORMAT = dwarf;
				ENABLE_STRICT_OBJC_MSGSEND = YES;
				ENABLE_TESTABILITY = YES;
				GCC_C_LANGUAGE_STANDARD = gnu11;
				GCC_DYNAMIC_NO_PIC = NO;
				GCC_NO_COMMON_BLOCKS = YES;
				GCC_OPTIMIZATION_LEVEL = 0;
				GCC_PREPROCESSOR_DEFINITIONS = (
					"DEBUG=1",
					"$(inherited)",
				);
				GCC_WARN_64_TO_32_BIT_CONVERSION = YES;
				GCC_WARN_ABOUT_RETURN_TYPE = YES_ERROR;
				GCC_WARN_UNDECLARED_SELECTOR = YES;
				GCC_WARN_UNINITIALIZED_AUTOS = YES_AGGRESSIVE;
				GCC_WARN_UNUSED_FUNCTION = YES;
				GCC_WARN_UNUSED_VARIABLE = YES;
				IPHONEOS_DEPLOYMENT_TARGET = 14.0;
				MTL_ENABLE_DEBUG_INFO = INCLUDE_SOURCE;
				MTL_FAST_MATH = YES;
				ONLY_ACTIVE_ARCH = YES;
				SDKROOT = iphoneos;
				SWIFT_ACTIVE_COMPILATION_CONDITIONS = DEBUG;
				SWIFT_OPTIMIZATION_LEVEL = "-Onone";
			};
			name = Debug;
		};
		00F880D8251C28BF0014087A /* Release */ = {
			isa = XCBuildConfiguration;
			buildSettings = {
				ALWAYS_SEARCH_USER_PATHS = NO;
				CLANG_ANALYZER_NONNULL = YES;
				CLANG_ANALYZER_NUMBER_OBJECT_CONVERSION = YES_AGGRESSIVE;
				CLANG_CXX_LANGUAGE_STANDARD = "gnu++14";
				CLANG_CXX_LIBRARY = "libc++";
				CLANG_ENABLE_MODULES = YES;
				CLANG_ENABLE_OBJC_ARC = YES;
				CLANG_ENABLE_OBJC_WEAK = YES;
				CLANG_WARN_BLOCK_CAPTURE_AUTORELEASING = YES;
				CLANG_WARN_BOOL_CONVERSION = YES;
				CLANG_WARN_COMMA = YES;
				CLANG_WARN_CONSTANT_CONVERSION = YES;
				CLANG_WARN_DEPRECATED_OBJC_IMPLEMENTATIONS = YES;
				CLANG_WARN_DIRECT_OBJC_ISA_USAGE = YES_ERROR;
				CLANG_WARN_DOCUMENTATION_COMMENTS = YES;
				CLANG_WARN_EMPTY_BODY = YES;
				CLANG_WARN_ENUM_CONVERSION = YES;
				CLANG_WARN_INFINITE_RECURSION = YES;
				CLANG_WARN_INT_CONVERSION = YES;
				CLANG_WARN_NON_LITERAL_NULL_CONVERSION = YES;
				CLANG_WARN_OBJC_IMPLICIT_RETAIN_SELF = YES;
				CLANG_WARN_OBJC_LITERAL_CONVERSION = YES;
				CLANG_WARN_OBJC_ROOT_CLASS = YES_ERROR;
				CLANG_WARN_QUOTED_INCLUDE_IN_FRAMEWORK_HEADER = YES;
				CLANG_WARN_RANGE_LOOP_ANALYSIS = YES;
				CLANG_WARN_STRICT_PROTOTYPES = YES;
				CLANG_WARN_SUSPICIOUS_MOVE = YES;
				CLANG_WARN_UNGUARDED_AVAILABILITY = YES_AGGRESSIVE;
				CLANG_WARN_UNREACHABLE_CODE = YES;
				CLANG_WARN__DUPLICATE_METHOD_MATCH = YES;
				COPY_PHASE_STRIP = NO;
				DEBUG_INFORMATION_FORMAT = "dwarf-with-dsym";
				ENABLE_NS_ASSERTIONS = NO;
				ENABLE_STRICT_OBJC_MSGSEND = YES;
				GCC_C_LANGUAGE_STANDARD = gnu11;
				GCC_NO_COMMON_BLOCKS = YES;
				GCC_WARN_64_TO_32_BIT_CONVERSION = YES;
				GCC_WARN_ABOUT_RETURN_TYPE = YES_ERROR;
				GCC_WARN_UNDECLARED_SELECTOR = YES;
				GCC_WARN_UNINITIALIZED_AUTOS = YES_AGGRESSIVE;
				GCC_WARN_UNUSED_FUNCTION = YES;
				GCC_WARN_UNUSED_VARIABLE = YES;
				IPHONEOS_DEPLOYMENT_TARGET = 14.0;
				MTL_ENABLE_DEBUG_INFO = NO;
				MTL_FAST_MATH = YES;
				SDKROOT = iphoneos;
				SWIFT_COMPILATION_MODE = wholemodule;
				SWIFT_OPTIMIZATION_LEVEL = "-O";
				VALIDATE_PRODUCT = YES;
			};
			name = Release;
		};
		00F880DA251C28BF0014087A /* Debug */ = {
			isa = XCBuildConfiguration;
			baseConfigurationReference = 73C3507AB866A28397BCB197 /* Pods-flixsterApp.debug.xcconfig */;
			buildSettings = {
				ASSETCATALOG_COMPILER_APPICON_NAME = AppIcon;
				ASSETCATALOG_COMPILER_GLOBAL_ACCENT_COLOR_NAME = AccentColor;
				CODE_SIGN_STYLE = Automatic;
				INFOPLIST_FILE = flixsterApp/Info.plist;
				LD_RUNPATH_SEARCH_PATHS = (
					"$(inherited)",
					"@executable_path/Frameworks",
				);
				PRODUCT_BUNDLE_IDENTIFIER = com.codepath.flixsterApp;
				PRODUCT_NAME = "$(TARGET_NAME)";
				SWIFT_VERSION = 5.0;
				TARGETED_DEVICE_FAMILY = "1,2";
			};
			name = Debug;
		};
		00F880DB251C28BF0014087A /* Release */ = {
			isa = XCBuildConfiguration;
			baseConfigurationReference = AD5FD3215EC9A27BA99E2D0B /* Pods-flixsterApp.release.xcconfig */;
			buildSettings = {
				ASSETCATALOG_COMPILER_APPICON_NAME = AppIcon;
				ASSETCATALOG_COMPILER_GLOBAL_ACCENT_COLOR_NAME = AccentColor;
				CODE_SIGN_STYLE = Automatic;
				INFOPLIST_FILE = flixsterApp/Info.plist;
				LD_RUNPATH_SEARCH_PATHS = (
					"$(inherited)",
					"@executable_path/Frameworks",
				);
				PRODUCT_BUNDLE_IDENTIFIER = com.codepath.flixsterApp;
				PRODUCT_NAME = "$(TARGET_NAME)";
				SWIFT_VERSION = 5.0;
				TARGETED_DEVICE_FAMILY = "1,2";
			};
			name = Release;
		};
/* End XCBuildConfiguration section */

/* Begin XCConfigurationList section */
		00F880C0251C28BB0014087A /* Build configuration list for PBXProject "flixsterApp" */ = {
			isa = XCConfigurationList;
			buildConfigurations = (
				00F880D7251C28BF0014087A /* Debug */,
				00F880D8251C28BF0014087A /* Release */,
			);
			defaultConfigurationIsVisible = 0;
			defaultConfigurationName = Release;
		};
		00F880D9251C28BF0014087A /* Build configuration list for PBXNativeTarget "flixsterApp" */ = {
			isa = XCConfigurationList;
			buildConfigurations = (
				00F880DA251C28BF0014087A /* Debug */,
				00F880DB251C28BF0014087A /* Release */,
			);
			defaultConfigurationIsVisible = 0;
			defaultConfigurationName = Release;
		};
/* End XCConfigurationList section */
	};
	rootObject = 00F880BD251C28BB0014087A /* Project object */;
}
